
Microsoft Visual Studio Solution File, Format Version 12.00
# Visual Studio Version 16
VisualStudioVersion = 16.0.28803.202
MinimumVisualStudioVersion = 10.0.40219.1
Project("{FAE04EC0-301F-11D3-BF4B-00C04F79EFBC}") = "Reflection", "Reflection\Reflection.csproj", "{1C33A6CF-3E15-480F-9CEB-220E78045CD2}"
EndProject
Global
	GlobalSection(SolutionConfigurationPlatforms) = preSolution
		Debug|Any CPU = Debug|Any CPU
		Release|Any CPU = Release|Any CPU
	EndGlobalSection
	GlobalSection(ProjectConfigurationPlatforms) = postSolution
		{1C33A6CF-3E15-480F-9CEB-220E78045CD2}.Debug|Any CPU.ActiveCfg = Debug|Any CPU
		{1C33A6CF-3E15-480F-9CEB-220E78045CD2}.Debug|Any CPU.Build.0 = Debug|Any CPU
		{1C33A6CF-3E15-480F-9CEB-220E78045CD2}.Release|Any CPU.ActiveCfg = Release|Any CPU
		{1C33A6CF-3E15-480F-9CEB-220E78045CD2}.Release|Any CPU.Build.0 = Release|Any CPU
	EndGlobalSection
	GlobalSection(SolutionProperties) = preSolution
		HideSolutionNode = FALSE
	EndGlobalSection
	GlobalSection(ExtensibilityGlobals) = postSolution
		SolutionGuid = {0A80A731-AB7A-4356-9D94-F1C20E628AAD}
	EndGlobalSection
EndGlobal
